
Microsoft Visual Studio Solution File, Format Version 12.00
# Visual Studio Version 17
VisualStudioVersion = 17.5.2.0
MinimumVisualStudioVersion = 10.0.40219.1
Project("{FAE04EC0-301F-11D3-BF4B-00C04F79EFBC}") = "Pass Task 1.1", "Pass Task 1.1.csproj", "{C0675DE5-F690-8196-3046-03D3AF8BAFE7}"
EndProject
Project("{FAE04EC0-301F-11D3-BF4B-00C04F79EFBC}") = "Task1.1.1", "Task1.1.1\Task1.1.1.csproj", "{B9018BF8-3D83-493A-97FE-166DA6271481}"
EndProject
Project("{FAE04EC0-301F-11D3-BF4B-00C04F79EFBC}") = "Task1.1.2", "Task1.1.2\Task1.1.2.csproj", "{AC0C4152-5647-467D-839E-E95DD4EDE382}"
EndProject
Project("{FAE04EC0-301F-11D3-BF4B-00C04F79EFBC}") = "Task1.1.3", "Task1.1.3\Task1.1.3.csproj", "{3027B872-9B22-4E07-94D9-580732CE6962}"
EndProject
Project("{FAE04EC0-301F-11D3-BF4B-00C04F79EFBC}") = "Task1.1.4", "Task1.1.4\Task1.1.4.csproj", "{6097C724-5C68-4942-88DA-6C83211E8E45}"
EndProject
Project("{FAE04EC0-301F-11D3-BF4B-00C04F79EFBC}") = "Task1.1.6", "Task1.1.6\Task1.1.6.csproj", "{43B462D4-3C8E-4CF1-902F-8BEBA37BBDB9}"
EndProject
Project("{FAE04EC0-301F-11D3-BF4B-00C04F79EFBC}") = "Task1.1.5", "Task1.1.5\Task1.1.5.csproj", "{D966BD36-7DA0-4C2B-B88C-5B21D840E38A}"
EndProject
Global
	GlobalSection(SolutionConfigurationPlatforms) = preSolution
		Debug|Any CPU = Debug|Any CPU
		Debug|x64 = Debug|x64
		Debug|x86 = Debug|x86
		Release|Any CPU = Release|Any CPU
		Release|x64 = Release|x64
		Release|x86 = Release|x86
	EndGlobalSection
	GlobalSection(ProjectConfigurationPlatforms) = postSolution
		{C0675DE5-F690-8196-3046-03D3AF8BAFE7}.Debug|Any CPU.ActiveCfg = Debug|Any CPU
		{C0675DE5-F690-8196-3046-03D3AF8BAFE7}.Debug|Any CPU.Build.0 = Debug|Any CPU
		{C0675DE5-F690-8196-3046-03D3AF8BAFE7}.Debug|x64.ActiveCfg = Debug|Any CPU
		{C0675DE5-F690-8196-3046-03D3AF8BAFE7}.Debug|x64.Build.0 = Debug|Any CPU
		{C0675DE5-F690-8196-3046-03D3AF8BAFE7}.Debug|x86.ActiveCfg = Debug|Any CPU
		{C0675DE5-F690-8196-3046-03D3AF8BAFE7}.Debug|x86.Build.0 = Debug|Any CPU
		{C0675DE5-F690-8196-3046-03D3AF8BAFE7}.Release|Any CPU.ActiveCfg = Release|Any CPU
		{C0675DE5-F690-8196-3046-03D3AF8BAFE7}.Release|Any CPU.Build.0 = Release|Any CPU
		{C0675DE5-F690-8196-3046-03D3AF8BAFE7}.Release|x64.ActiveCfg = Release|Any CPU
		{C0675DE5-F690-8196-3046-03D3AF8BAFE7}.Release|x64.Build.0 = Release|Any CPU
		{C0675DE5-F690-8196-3046-03D3AF8BAFE7}.Release|x86.ActiveCfg = Release|Any CPU
		{C0675DE5-F690-8196-3046-03D3AF8BAFE7}.Release|x86.Build.0 = Release|Any CPU
		{B9018BF8-3D83-493A-97FE-166DA6271481}.Debug|Any CPU.ActiveCfg = Debug|Any CPU
		{B9018BF8-3D83-493A-97FE-166DA6271481}.Debug|Any CPU.Build.0 = Debug|Any CPU
		{B9018BF8-3D83-493A-97FE-166DA6271481}.Debug|x64.ActiveCfg = Debug|Any CPU
		{B9018BF8-3D83-493A-97FE-166DA6271481}.Debug|x64.Build.0 = Debug|Any CPU
		{B9018BF8-3D83-493A-97FE-166DA6271481}.Debug|x86.ActiveCfg = Debug|Any CPU
		{B9018BF8-3D83-493A-97FE-166DA6271481}.Debug|x86.Build.0 = Debug|Any CPU
		{B9018BF8-3D83-493A-97FE-166DA6271481}.Release|Any CPU.ActiveCfg = Release|Any CPU
		{B9018BF8-3D83-493A-97FE-166DA6271481}.Release|Any CPU.Build.0 = Release|Any CPU
		{B9018BF8-3D83-493A-97FE-166DA6271481}.Release|x64.ActiveCfg = Release|Any CPU
		{B9018BF8-3D83-493A-97FE-166DA6271481}.Release|x64.Build.0 = Release|Any CPU
		{B9018BF8-3D83-493A-97FE-166DA6271481}.Release|x86.ActiveCfg = Release|Any CPU
		{B9018BF8-3D83-493A-97FE-166DA6271481}.Release|x86.Build.0 = Release|Any CPU
		{AC0C4152-5647-467D-839E-E95DD4EDE382}.Debug|Any CPU.ActiveCfg = Debug|Any CPU
		{AC0C4152-5647-467D-839E-E95DD4EDE382}.Debug|Any CPU.Build.0 = Debug|Any CPU
		{AC0C4152-5647-467D-839E-E95DD4EDE382}.Debug|x64.ActiveCfg = Debug|Any CPU
		{AC0C4152-5647-467D-839E-E95DD4EDE382}.Debug|x64.Build.0 = Debug|Any CPU
		{AC0C4152-5647-467D-839E-E95DD4EDE382}.Debug|x86.ActiveCfg = Debug|Any CPU
		{AC0C4152-5647-467D-839E-E95DD4EDE382}.Debug|x86.Build.0 = Debug|Any CPU
		{AC0C4152-5647-467D-839E-E95DD4EDE382}.Release|Any CPU.ActiveCfg = Release|Any CPU
		{AC0C4152-5647-467D-839E-E95DD4EDE382}.Release|Any CPU.Build.0 = Release|Any CPU
		{AC0C4152-5647-467D-839E-E95DD4EDE382}.Release|x64.ActiveCfg = Release|Any CPU
		{AC0C4152-5647-467D-839E-E95DD4EDE382}.Release|x64.Build.0 = Release|Any CPU
		{AC0C4152-5647-467D-839E-E95DD4EDE382}.Release|x86.ActiveCfg = Release|Any CPU
		{AC0C4152-5647-467D-839E-E95DD4EDE382}.Release|x86.Build.0 = Release|Any CPU
		{3027B872-9B22-4E07-94D9-580732CE6962}.Debug|Any CPU.ActiveCfg = Debug|Any CPU
		{3027B872-9B22-4E07-94D9-580732CE6962}.Debug|Any CPU.Build.0 = Debug|Any CPU
		{3027B872-9B22-4E07-94D9-580732CE6962}.Debug|x64.ActiveCfg = Debug|Any CPU
		{3027B872-9B22-4E07-94D9-580732CE6962}.Debug|x64.Build.0 = Debug|Any CPU
		{3027B872-9B22-4E07-94D9-580732CE6962}.Debug|x86.ActiveCfg = Debug|Any CPU
		{3027B872-9B22-4E07-94D9-580732CE6962}.Debug|x86.Build.0 = Debug|Any CPU
		{3027B872-9B22-4E07-94D9-580732CE6962}.Release|Any CPU.ActiveCfg = Release|Any CPU
		{3027B872-9B22-4E07-94D9-580732CE6962}.Release|Any CPU.Build.0 = Release|Any CPU
		{3027B872-9B22-4E07-94D9-580732CE6962}.Release|x64.ActiveCfg = Release|Any CPU
		{3027B872-9B22-4E07-94D9-580732CE6962}.Release|x64.Build.0 = Release|Any CPU
		{3027B872-9B22-4E07-94D9-580732CE6962}.Release|x86.ActiveCfg = Release|Any CPU
		{3027B872-9B22-4E07-94D9-580732CE6962}.Release|x86.Build.0 = Release|Any CPU
		{6097C724-5C68-4942-88DA-6C83211E8E45}.Debug|Any CPU.ActiveCfg = Debug|Any CPU
		{6097C724-5C68-4942-88DA-6C83211E8E45}.Debug|Any CPU.Build.0 = Debug|Any CPU
		{6097C724-5C68-4942-88DA-6C83211E8E45}.Debug|x64.ActiveCfg = Debug|Any CPU
		{6097C724-5C68-4942-88DA-6C83211E8E45}.Debug|x64.Build.0 = Debug|Any CPU
		{6097C724-5C68-4942-88DA-6C83211E8E45}.Debug|x86.ActiveCfg = Debug|Any CPU
		{6097C724-5C68-4942-88DA-6C83211E8E45}.Debug|x86.Build.0 = Debug|Any CPU
		{6097C724-5C68-4942-88DA-6C83211E8E45}.Release|Any CPU.ActiveCfg = Release|Any CPU
		{6097C724-5C68-4942-88DA-6C83211E8E45}.Release|Any CPU.Build.0 = Release|Any CPU
		{6097C724-5C68-4942-88DA-6C83211E8E45}.Release|x64.ActiveCfg = Release|Any CPU
		{6097C724-5C68-4942-88DA-6C83211E8E45}.Release|x64.Build.0 = Release|Any CPU
		{6097C724-5C68-4942-88DA-6C83211E8E45}.Release|x86.ActiveCfg = Release|Any CPU
		{6097C724-5C68-4942-88DA-6C83211E8E45}.Release|x86.Build.0 = Release|Any CPU
		{43B462D4-3C8E-4CF1-902F-8BEBA37BBDB9}.Debug|Any CPU.ActiveCfg = Debug|Any CPU
		{43B462D4-3C8E-4CF1-902F-8BEBA37BBDB9}.Debug|Any CPU.Build.0 = Debug|Any CPU
		{43B462D4-3C8E-4CF1-902F-8BEBA37BBDB9}.Debug|x64.ActiveCfg = Debug|Any CPU
		{43B462D4-3C8E-4CF1-902F-8BEBA37BBDB9}.Debug|x64.Build.0 = Debug|Any CPU
		{43B462D4-3C8E-4CF1-902F-8BEBA37BBDB9}.Debug|x86.ActiveCfg = Debug|Any CPU
		{43B462D4-3C8E-4CF1-902F-8BEBA37BBDB9}.Debug|x86.Build.0 = Debug|Any CPU
		{43B462D4-3C8E-4CF1-902F-8BEBA37BBDB9}.Release|Any CPU.ActiveCfg = Release|Any CPU
		{43B462D4-3C8E-4CF1-902F-8BEBA37BBDB9}.Release|Any CPU.Build.0 = Release|Any CPU
		{43B462D4-3C8E-4CF1-902F-8BEBA37BBDB9}.Release|x64.ActiveCfg = Release|Any CPU
		{43B462D4-3C8E-4CF1-902F-8BEBA37BBDB9}.Release|x64.Build.0 = Release|Any CPU
		{43B462D4-3C8E-4CF1-902F-8BEBA37BBDB9}.Release|x86.ActiveCfg = Release|Any CPU
		{43B462D4-3C8E-4CF1-902F-8BEBA37BBDB9}.Release|x86.Build.0 = Release|Any CPU
		{D966BD36-7DA0-4C2B-B88C-5B21D840E38A}.Debug|Any CPU.ActiveCfg = Debug|Any CPU
		{D966BD36-7DA0-4C2B-B88C-5B21D840E38A}.Debug|Any CPU.Build.0 = Debug|Any CPU
		{D966BD36-7DA0-4C2B-B88C-5B21D840E38A}.Debug|x64.ActiveCfg = Debug|Any CPU
		{D966BD36-7DA0-4C2B-B88C-5B21D840E38A}.Debug|x64.Build.0 = Debug|Any CPU
		{D966BD36-7DA0-4C2B-B88C-5B21D840E38A}.Debug|x86.ActiveCfg = Debug|Any CPU
		{D966BD36-7DA0-4C2B-B88C-5B21D840E38A}.Debug|x86.Build.0 = Debug|Any CPU
		{D966BD36-7DA0-4C2B-B88C-5B21D840E38A}.Release|Any CPU.ActiveCfg = Release|Any CPU
		{D966BD36-7DA0-4C2B-B88C-5B21D840E38A}.Release|Any CPU.Build.0 = Release|Any CPU
		{D966BD36-7DA0-4C2B-B88C-5B21D840E38A}.Release|x64.ActiveCfg = Release|Any CPU
		{D966BD36-7DA0-4C2B-B88C-5B21D840E38A}.Release|x64.Build.0 = Release|Any CPU
		{D966BD36-7DA0-4C2B-B88C-5B21D840E38A}.Release|x86.ActiveCfg = Release|Any CPU
		{D966BD36-7DA0-4C2B-B88C-5B21D840E38A}.Release|x86.Build.0 = Release|Any CPU
	EndGlobalSection
	GlobalSection(SolutionProperties) = preSolution
		HideSolutionNode = FALSE
	EndGlobalSection
	GlobalSection(ExtensibilityGlobals) = postSolution
		SolutionGuid = {655B256D-9E1F-44FC-89CE-04E79E97A99E}
	EndGlobalSection
EndGlobal
